
Microsoft Visual Studio Solution File, Format Version 12.00
# Visual Studio Version 17
VisualStudioVersion = 17.4.33205.214
MinimumVisualStudioVersion = 10.0.40219.1
Project("{9A19103F-16F7-4668-BE54-9A1E7A4F7556}") = "App.TaskManagment", "App.TaskManagment.csproj", "{AA56D735-8B13-4073-AE63-DF9000815ABB}"
EndProject
Project("{9A19103F-16F7-4668-BE54-9A1E7A4F7556}") = "Library.TaskManagement", "..\Library.TaskManagement\Library.TaskManagement.csproj", "{3E422A0E-6514-42D6-A25F-9034C729BA55}"
EndProject
Project("{FAE04EC0-301F-11D3-BF4B-00C04F79EFBC}") = "UWP.TaskManagement", "..\UWP.TaskManagement\UWP.TaskManagement.csproj", "{7F54C798-4CF6-460D-BA50-4F0DCDD4361E}"
EndProject
Global
	GlobalSection(SolutionConfigurationPlatforms) = preSolution
		Debug|Any CPU = Debug|Any CPU
		Debug|ARM = Debug|ARM
		Debug|ARM64 = Debug|ARM64
		Debug|x64 = Debug|x64
		Debug|x86 = Debug|x86
		Release|Any CPU = Release|Any CPU
		Release|ARM = Release|ARM
		Release|ARM64 = Release|ARM64
		Release|x64 = Release|x64
		Release|x86 = Release|x86
	EndGlobalSection
	GlobalSection(ProjectConfigurationPlatforms) = postSolution
		{AA56D735-8B13-4073-AE63-DF9000815ABB}.Debug|Any CPU.ActiveCfg = Debug|Any CPU
		{AA56D735-8B13-4073-AE63-DF9000815ABB}.Debug|Any CPU.Build.0 = Debug|Any CPU
		{AA56D735-8B13-4073-AE63-DF9000815ABB}.Debug|ARM.ActiveCfg = Debug|Any CPU
		{AA56D735-8B13-4073-AE63-DF9000815ABB}.Debug|ARM.Build.0 = Debug|Any CPU
		{AA56D735-8B13-4073-AE63-DF9000815ABB}.Debug|ARM64.ActiveCfg = Debug|Any CPU
		{AA56D735-8B13-4073-AE63-DF9000815ABB}.Debug|ARM64.Build.0 = Debug|Any CPU
		{AA56D735-8B13-4073-AE63-DF9000815ABB}.Debug|x64.ActiveCfg = Debug|Any CPU
		{AA56D735-8B13-4073-AE63-DF9000815ABB}.Debug|x64.Build.0 = Debug|Any CPU
		{AA56D735-8B13-4073-AE63-DF9000815ABB}.Debug|x86.ActiveCfg = Debug|Any CPU
		{AA56D735-8B13-4073-AE63-DF9000815ABB}.Debug|x86.Build.0 = Debug|Any CPU
		{AA56D735-8B13-4073-AE63-DF9000815ABB}.Release|Any CPU.ActiveCfg = Release|Any CPU
		{AA56D735-8B13-4073-AE63-DF9000815ABB}.Release|Any CPU.Build.0 = Release|Any CPU
		{AA56D735-8B13-4073-AE63-DF9000815ABB}.Release|ARM.ActiveCfg = Release|Any CPU
		{AA56D735-8B13-4073-AE63-DF9000815ABB}.Release|ARM.Build.0 = Release|Any CPU
		{AA56D735-8B13-4073-AE63-DF9000815ABB}.Release|ARM64.ActiveCfg = Release|Any CPU
		{AA56D735-8B13-4073-AE63-DF9000815ABB}.Release|ARM64.Build.0 = Release|Any CPU
		{AA56D735-8B13-4073-AE63-DF9000815ABB}.Release|x64.ActiveCfg = Release|Any CPU
		{AA56D735-8B13-4073-AE63-DF9000815ABB}.Release|x64.Build.0 = Release|Any CPU
		{AA56D735-8B13-4073-AE63-DF9000815ABB}.Release|x86.ActiveCfg = Release|Any CPU
		{AA56D735-8B13-4073-AE63-DF9000815ABB}.Release|x86.Build.0 = Release|Any CPU
		{3E422A0E-6514-42D6-A25F-9034C729BA55}.Debug|Any CPU.ActiveCfg = Debug|Any CPU
		{3E422A0E-6514-42D6-A25F-9034C729BA55}.Debug|Any CPU.Build.0 = Debug|Any CPU
		{3E422A0E-6514-42D6-A25F-9034C729BA55}.Debug|ARM.ActiveCfg = Debug|Any CPU
		{3E422A0E-6514-42D6-A25F-9034C729BA55}.Debug|ARM.Build.0 = Debug|Any CPU
		{3E422A0E-6514-42D6-A25F-9034C729BA55}.Debug|ARM64.ActiveCfg = Debug|Any CPU
		{3E422A0E-6514-42D6-A25F-9034C729BA55}.Debug|ARM64.Build.0 = Debug|Any CPU
		{3E422A0E-6514-42D6-A25F-9034C729BA55}.Debug|x64.ActiveCfg = Debug|Any CPU
		{3E422A0E-6514-42D6-A25F-9034C729BA55}.Debug|x64.Build.0 = Debug|Any CPU
		{3E422A0E-6514-42D6-A25F-9034C729BA55}.Debug|x86.ActiveCfg = Debug|Any CPU
		{3E422A0E-6514-42D6-A25F-9034C729BA55}.Debug|x86.Build.0 = Debug|Any CPU
		{3E422A0E-6514-42D6-A25F-9034C729BA55}.Release|Any CPU.ActiveCfg = Release|Any CPU
		{3E422A0E-6514-42D6-A25F-9034C729BA55}.Release|Any CPU.Build.0 = Release|Any CPU
		{3E422A0E-6514-42D6-A25F-9034C729BA55}.Release|ARM.ActiveCfg = Release|Any CPU
		{3E422A0E-6514-42D6-A25F-9034C729BA55}.Release|ARM.Build.0 = Release|Any CPU
		{3E422A0E-6514-42D6-A25F-9034C729BA55}.Release|ARM64.ActiveCfg = Release|Any CPU
		{3E422A0E-6514-42D6-A25F-9034C729BA55}.Release|ARM64.Build.0 = Release|Any CPU
		{3E422A0E-6514-42D6-A25F-9034C729BA55}.Release|x64.ActiveCfg = Release|Any CPU
		{3E422A0E-6514-42D6-A25F-9034C729BA55}.Release|x64.Build.0 = Release|Any CPU
		{3E422A0E-6514-42D6-A25F-9034C729BA55}.Release|x86.ActiveCfg = Release|Any CPU
		{3E422A0E-6514-42D6-A25F-9034C729BA55}.Release|x86.Build.0 = Release|Any CPU
		{7F54C798-4CF6-460D-BA50-4F0DCDD4361E}.Debug|Any CPU.ActiveCfg = Debug|x64
		{7F54C798-4CF6-460D-BA50-4F0DCDD4361E}.Debug|Any CPU.Build.0 = Debug|x64
		{7F54C798-4CF6-460D-BA50-4F0DCDD4361E}.Debug|Any CPU.Deploy.0 = Debug|x64
		{7F54C798-4CF6-460D-BA50-4F0DCDD4361E}.Debug|ARM.ActiveCfg = Debug|ARM
		{7F54C798-4CF6-460D-BA50-4F0DCDD4361E}.Debug|ARM.Build.0 = Debug|ARM
		{7F54C798-4CF6-460D-BA50-4F0DCDD4361E}.Debug|ARM.Deploy.0 = Debug|ARM
		{7F54C798-4CF6-460D-BA50-4F0DCDD4361E}.Debug|ARM64.ActiveCfg = Debug|ARM64
		{7F54C798-4CF6-460D-BA50-4F0DCDD4361E}.Debug|ARM64.Build.0 = Debug|ARM64
		{7F54C798-4CF6-460D-BA50-4F0DCDD4361E}.Debug|ARM64.Deploy.0 = Debug|ARM64
		{7F54C798-4CF6-460D-BA50-4F0DCDD4361E}.Debug|x64.ActiveCfg = Debug|x64
		{7F54C798-4CF6-460D-BA50-4F0DCDD4361E}.Debug|x64.Build.0 = Debug|x64
		{7F54C798-4CF6-460D-BA50-4F0DCDD4361E}.Debug|x64.Deploy.0 = Debug|x64
		{7F54C798-4CF6-460D-BA50-4F0DCDD4361E}.Debug|x86.ActiveCfg = Debug|x86
		{7F54C798-4CF6-460D-BA50-4F0DCDD4361E}.Debug|x86.Build.0 = Debug|x86
		{7F54C798-4CF6-460D-BA50-4F0DCDD4361E}.Debug|x86.Deploy.0 = Debug|x86
		{7F54C798-4CF6-460D-BA50-4F0DCDD4361E}.Release|Any CPU.ActiveCfg = Release|x64
		{7F54C798-4CF6-460D-BA50-4F0DCDD4361E}.Release|Any CPU.Build.0 = Release|x64
		{7F54C798-4CF6-460D-BA50-4F0DCDD4361E}.Release|Any CPU.Deploy.0 = Release|x64
		{7F54C798-4CF6-460D-BA50-4F0DCDD4361E}.Release|ARM.ActiveCfg = Release|ARM
		{7F54C798-4CF6-460D-BA50-4F0DCDD4361E}.Release|ARM.Build.0 = Release|ARM
		{7F54C798-4CF6-460D-BA50-4F0DCDD4361E}.Release|ARM.Deploy.0 = Release|ARM
		{7F54C798-4CF6-460D-BA50-4F0DCDD4361E}.Release|ARM64.ActiveCfg = Release|ARM64
		{7F54C798-4CF6-460D-BA50-4F0DCDD4361E}.Release|ARM64.Build.0 = Release|ARM64
		{7F54C798-4CF6-460D-BA50-4F0DCDD4361E}.Release|ARM64.Deploy.0 = Release|ARM64
		{7F54C798-4CF6-460D-BA50-4F0DCDD4361E}.Release|x64.ActiveCfg = Release|x64
		{7F54C798-4CF6-460D-BA50-4F0DCDD4361E}.Release|x64.Build.0 = Release|x64
		{7F54C798-4CF6-460D-BA50-4F0DCDD4361E}.Release|x64.Deploy.0 = Release|x64
		{7F54C798-4CF6-460D-BA50-4F0DCDD4361E}.Release|x86.ActiveCfg = Release|x86
		{7F54C798-4CF6-460D-BA50-4F0DCDD4361E}.Release|x86.Build.0 = Release|x86
		{7F54C798-4CF6-460D-BA50-4F0DCDD4361E}.Release|x86.Deploy.0 = Release|x86
	EndGlobalSection
	GlobalSection(SolutionProperties) = preSolution
		HideSolutionNode = FALSE
	EndGlobalSection
	GlobalSection(ExtensibilityGlobals) = postSolution
		SolutionGuid = {61F7501D-9F43-4A3A-BEC8-632564B6AEBA}
	EndGlobalSection
EndGlobal
